# generated by rye
# use `rye lock` or `rye sync` to update this lockfile
#
# last locked with the following flags:
#   pre: false
#   features: []
#   all-features: false

-e file:.
babel==2.12.1
certifi==2023.7.22
charset-normalizer==3.2.0
contourpy==1.1.0
cycler==0.11.0
fonttools==4.42.0
google-measurement-protocol==1.1.0
idna==3.4
kiwisolver==1.4.4
matplotlib==3.7.2
numpy==1.25.2
packaging==23.1
pillow==10.0.0
prices==1.1.1
pycocoevalcap==1.2
pycocotools==2.0.7
pyparsing==3.0.9
python-dateutil==2.8.2
requests==2.31.0
scikit-video==1.1.11
scipy==1.11.1
six==1.16.0
soccernet==0.1.52
tqdm==4.66.1
urllib3==2.0.4
